
Microsoft Visual Studio Solution File, Format Version 12.00
# Visual Studio Version 16
VisualStudioVersion = 16.0.30611.23
MinimumVisualStudioVersion = 10.0.40219.1
Project("{FAE04EC0-301F-11D3-BF4B-00C04F79EFBC}") = "DPAPITest", "DPAPITest\DPAPITest.csproj", "{CBFBE0F2-90F9-4204-8D5A-90E5E76DCA98}"
EndProject
Global
	GlobalSection(SolutionConfigurationPlatforms) = preSolution
		Debug|Any CPU = Debug|Any CPU
		Release|Any CPU = Release|Any CPU
	EndGlobalSection
	GlobalSection(ProjectConfigurationPlatforms) = postSolution
		{CBFBE0F2-90F9-4204-8D5A-90E5E76DCA98}.Debug|Any CPU.ActiveCfg = Debug|Any CPU
		{CBFBE0F2-90F9-4204-8D5A-90E5E76DCA98}.Debug|Any CPU.Build.0 = Debug|Any CPU
		{CBFBE0F2-90F9-4204-8D5A-90E5E76DCA98}.Release|Any CPU.ActiveCfg = Release|Any CPU
		{CBFBE0F2-90F9-4204-8D5A-90E5E76DCA98}.Release|Any CPU.Build.0 = Release|Any CPU
	EndGlobalSection
	GlobalSection(SolutionProperties) = preSolution
		HideSolutionNode = FALSE
	EndGlobalSection
	GlobalSection(ExtensibilityGlobals) = postSolution
		SolutionGuid = {8FE8B031-BB21-461F-A834-645F00A1B4B6}
	EndGlobalSection
EndGlobal
